
Microsoft Visual Studio Solution File, Format Version 12.00
# Visual Studio Version 17
VisualStudioVersion = 17.6.33829.357
MinimumVisualStudioVersion = 10.0.40219.1
Project("{FAE04EC0-301F-11D3-BF4B-00C04F79EFBC}") = "ParaPrimeiroRepositorio", "ParaPrimeiroRepositorio\ParaPrimeiroRepositorio.csproj", "{0A4FBE9E-D9C5-4681-B5D1-EDE6AEAF0912}"
EndProject
Global
	GlobalSection(SolutionConfigurationPlatforms) = preSolution
		Debug|Any CPU = Debug|Any CPU
		Release|Any CPU = Release|Any CPU
	EndGlobalSection
	GlobalSection(ProjectConfigurationPlatforms) = postSolution
		{0A4FBE9E-D9C5-4681-B5D1-EDE6AEAF0912}.Debug|Any CPU.ActiveCfg = Debug|Any CPU
		{0A4FBE9E-D9C5-4681-B5D1-EDE6AEAF0912}.Debug|Any CPU.Build.0 = Debug|Any CPU
		{0A4FBE9E-D9C5-4681-B5D1-EDE6AEAF0912}.Release|Any CPU.ActiveCfg = Release|Any CPU
		{0A4FBE9E-D9C5-4681-B5D1-EDE6AEAF0912}.Release|Any CPU.Build.0 = Release|Any CPU
	EndGlobalSection
	GlobalSection(SolutionProperties) = preSolution
		HideSolutionNode = FALSE
	EndGlobalSection
	GlobalSection(ExtensibilityGlobals) = postSolution
		SolutionGuid = {47819B20-9DAA-414E-9BF5-07331EC3042C}
	EndGlobalSection
EndGlobal
